
Microsoft Visual Studio Solution File, Format Version 12.00
# Visual Studio Version 17
VisualStudioVersion = 17.11.35327.3
MinimumVisualStudioVersion = 10.0.40219.1
Project("{FAE04EC0-301F-11D3-BF4B-00C04F79EFBC}") = "Week2Lesson8", "Week2Lesson8\Week2Lesson8.csproj", "{2327C494-90E1-4A7D-A417-F1F7D11392F2}"
EndProject
Global
	GlobalSection(SolutionConfigurationPlatforms) = preSolution
		Debug|Any CPU = Debug|Any CPU
		Release|Any CPU = Release|Any CPU
	EndGlobalSection
	GlobalSection(ProjectConfigurationPlatforms) = postSolution
		{2327C494-90E1-4A7D-A417-F1F7D11392F2}.Debug|Any CPU.ActiveCfg = Debug|Any CPU
		{2327C494-90E1-4A7D-A417-F1F7D11392F2}.Debug|Any CPU.Build.0 = Debug|Any CPU
		{2327C494-90E1-4A7D-A417-F1F7D11392F2}.Release|Any CPU.ActiveCfg = Release|Any CPU
		{2327C494-90E1-4A7D-A417-F1F7D11392F2}.Release|Any CPU.Build.0 = Release|Any CPU
	EndGlobalSection
	GlobalSection(SolutionProperties) = preSolution
		HideSolutionNode = FALSE
	EndGlobalSection
	GlobalSection(ExtensibilityGlobals) = postSolution
		SolutionGuid = {7EECE2E1-CE75-423E-B18C-524A328BEFA3}
	EndGlobalSection
EndGlobal
